
Microsoft Visual Studio Solution File, Format Version 12.00
# Visual Studio Version 17
VisualStudioVersion = 17.10.34916.146
MinimumVisualStudioVersion = 10.0.40219.1
Project("{9A19103F-16F7-4668-BE54-9A1E7A4F7556}") = "gpm", "gpm\gpm.csproj", "{B4C952DC-4CB9-4D22-8E24-37E2C77CE5EF}"
EndProject
Project("{54435603-DBB4-11D2-8724-00A0C9A8B90C}") = "gpmInstaller", "gpmInstaller\gpmInstaller.vdproj", "{D98A54BA-FFE5-4C0A-B359-1E042F63413C}"
EndProject
Global
	GlobalSection(SolutionConfigurationPlatforms) = preSolution
		Debug|Any CPU = Debug|Any CPU
		Release|Any CPU = Release|Any CPU
	EndGlobalSection
	GlobalSection(ProjectConfigurationPlatforms) = postSolution
		{B4C952DC-4CB9-4D22-8E24-37E2C77CE5EF}.Debug|Any CPU.ActiveCfg = Debug|Any CPU
		{B4C952DC-4CB9-4D22-8E24-37E2C77CE5EF}.Debug|Any CPU.Build.0 = Debug|Any CPU
		{B4C952DC-4CB9-4D22-8E24-37E2C77CE5EF}.Release|Any CPU.ActiveCfg = Release|Any CPU
		{B4C952DC-4CB9-4D22-8E24-37E2C77CE5EF}.Release|Any CPU.Build.0 = Release|Any CPU
		{D98A54BA-FFE5-4C0A-B359-1E042F63413C}.Debug|Any CPU.ActiveCfg = Debug
		{D98A54BA-FFE5-4C0A-B359-1E042F63413C}.Release|Any CPU.ActiveCfg = Release
	EndGlobalSection
	GlobalSection(SolutionProperties) = preSolution
		HideSolutionNode = FALSE
	EndGlobalSection
	GlobalSection(ExtensibilityGlobals) = postSolution
		SolutionGuid = {145A2F0A-14EF-4E4E-9014-3CB974663C01}
	EndGlobalSection
EndGlobal
